<?xml version="1.0" encoding="UTF-8" standalone="yes" ?>
<CodeBlocks_project_file>
	<FileVersion major="1" minor="6" />
	<Project>
		<Option title="Knight2.0" />
		<Option pch_mode="2" />
		<Option compiler="gcc" />
		<Build>
			<Target title="Release">
				<Option output="bin/Release/Knight2" prefix_auto="1" extension_auto="1" />
				<Option working_dir="C:/Users/yayak/Downloads/Code Blocks/Liste Programme/Knight2.0" />
				<Option object_output="obj/Release/" />
				<Option type="0" />
				<Option compiler="gcc" />
				<Compiler>
					<Add option="-O2" />
				</Compiler>
				<Linker>
					<Add option="-s" />
				</Linker>
			</Target>
		</Build>
		<Compiler>
			<Add option="-Wall" />
			<Add directory="C:/Users/yayak/Downloads/Code Blocks/CodeBlocks/SDL1/SDL-1.2.15/include" />
		</Compiler>
		<Linker>
			<Add library="mingw32" />
			<Add library="SDLmain" />
			<Add library="SDL.dll" />
			<Add library="user32" />
			<Add library="gdi32" />
			<Add library="winmm" />
			<Add library="dxguid" />
			<Add library="C:/Users/yayak/Downloads/Code Blocks/CodeBlocks/SDL1/SDL-1.2.15/lib/SDL_ttf.lib" />
			<Add library="C:/Users/yayak/Downloads/Code Blocks/CodeBlocks/MinGW/lib/libfmodex.a" />
			<Add directory="C:/Users/yayak/Downloads/Code Blocks/CodeBlocks/SDL1/SDL-1.2.15/lib" />
		</Linker>
		<Unit filename="Tableau1.h" />
		<Unit filename="Tableau2.h" />
		<Unit filename="Tableau3.h" />
		<Unit filename="Tableau4.h" />
		<Unit filename="Tableaux.h" />
		<Unit filename="constantes1.h" />
		<Unit filename="constantes2.h" />
		<Unit filename="constantes3.h" />
		<Unit filename="constantes4.h" />
		<Unit filename="constantesGenerales.h" />
		<Unit filename="deplacements1.c">
			<Option compilerVar="CC" />
		</Unit>
		<Unit filename="deplacements1.h" />
		<Unit filename="deplacements2.c">
			<Option compilerVar="CC" />
		</Unit>
		<Unit filename="deplacements2.h" />
		<Unit filename="deplacements3.c">
			<Option compilerVar="CC" />
		</Unit>
		<Unit filename="deplacements3.h" />
		<Unit filename="deplacements4.c">
			<Option compilerVar="CC" />
		</Unit>
		<Unit filename="deplacements4.h" />
		<Unit filename="general.c">
			<Option compilerVar="CC" />
		</Unit>
		<Unit filename="general.h" />
		<Unit filename="main.c">
			<Option compilerVar="CC" />
		</Unit>
		<Unit filename="obstacles2.c">
			<Option compilerVar="CC" />
		</Unit>
		<Unit filename="obstacles2.h" />
		<Unit filename="obstacles3.c">
			<Option compilerVar="CC" />
		</Unit>
		<Unit filename="obstacles3.h" />
		<Unit filename="obstacles4.c">
			<Option compilerVar="CC" />
		</Unit>
		<Unit filename="obstacles4.h" />
		<Extensions>
			<code_completion />
			<envvars />
			<debugger />
			<lib_finder disable_auto="1" />
		</Extensions>
	</Project>
</CodeBlocks_project_file>
